
Microsoft Visual Studio Solution File, Format Version 11.00
# Visual Studio 2010
Project("{FAE04EC0-301F-11D3-BF4B-00C04F79EFBC}") = "Mini-RPG 3D", "Assembly-CSharp-firstpass.csproj", "{5469E0EC-584F-7806-E13E-A746586420AE}"
EndProject
Project("{FAE04EC0-301F-11D3-BF4B-00C04F79EFBC}") = "Mini-RPG 3D", "Assembly-CSharp-Editor-firstpass.csproj", "{42F411E9-45FC-3169-C198-D7076F730841}"
EndProject
Global
	GlobalSection(SolutionConfigurationPlatforms) = preSolution
		Debug|Any CPU = Debug|Any CPU
		Release|Any CPU = Release|Any CPU
	EndGlobalSection
	GlobalSection(ProjectConfigurationPlatforms) = postSolution
		{5469E0EC-584F-7806-E13E-A746586420AE}.Debug|Any CPU.ActiveCfg = Debug|Any CPU
		{5469E0EC-584F-7806-E13E-A746586420AE}.Debug|Any CPU.Build.0 = Debug|Any CPU
		{5469E0EC-584F-7806-E13E-A746586420AE}.Release|Any CPU.ActiveCfg = Release|Any CPU
		{5469E0EC-584F-7806-E13E-A746586420AE}.Release|Any CPU.Build.0 = Release|Any CPU
		{42F411E9-45FC-3169-C198-D7076F730841}.Debug|Any CPU.ActiveCfg = Debug|Any CPU
		{42F411E9-45FC-3169-C198-D7076F730841}.Debug|Any CPU.Build.0 = Debug|Any CPU
		{42F411E9-45FC-3169-C198-D7076F730841}.Release|Any CPU.ActiveCfg = Release|Any CPU
		{42F411E9-45FC-3169-C198-D7076F730841}.Release|Any CPU.Build.0 = Release|Any CPU
	EndGlobalSection
	GlobalSection(SolutionProperties) = preSolution
		HideSolutionNode = FALSE
	EndGlobalSection
	GlobalSection(MonoDevelopProperties) = preSolution
		StartupItem = Assembly-CSharp.csproj
	EndGlobalSection
EndGlobal
